// !$*UTF8*$!
{
	archiveVersion = 1;
	classes = {
	};
	objectVersion = 46;
	objects = {

/* Begin PBXBuildFile section */
		1B2DF2B91BE8B02B00AD5B56 /* AppDelegate.swift in Sources */ = {isa = PBXBuildFile; fileRef = 1B2DF2B81BE8B02B00AD5B56 /* AppDelegate.swift */; };
		1B2DF2BB1BE8B02B00AD5B56 /* ViewController.swift in Sources */ = {isa = PBXBuildFile; fileRef = 1B2DF2BA1BE8B02B00AD5B56 /* ViewController.swift */; };
		1B2DF2BE1BE8B02B00AD5B56 /* Main.storyboard in Resources */ = {isa = PBXBuildFile; fileRef = 1B2DF2BC1BE8B02B00AD5B56 /* Main.storyboard */; };
		1B2DF2C01BE8B02B00AD5B56 /* Assets.xcassets in Resources */ = {isa = PBXBuildFile; fileRef = 1B2DF2BF1BE8B02B00AD5B56 /* Assets.xcassets */; };
		1B2DF2C31BE8B02B00AD5B56 /* LaunchScreen.storyboard in Resources */ = {isa = PBXBuildFile; fileRef = 1B2DF2C11BE8B02B00AD5B56 /* LaunchScreen.storyboard */; };
/* End PBXBuildFile section */

/* Begin PBXFileReference section */
		1B2DF2B51BE8B02B00AD5B56 /* blurr.app */ = {isa = PBXFileReference; explicitFileType = wrapper.application; includeInIndex = 0; path = blurr.app; sourceTree = BUILT_PRODUCTS_DIR; };
		1B2DF2B81BE8B02B00AD5B56 /* AppDelegate.swift */ = {isa = PBXFileReference; lastKnownFileType = sourcecode.swift; path = AppDelegate.swift; sourceTree = "<group>"; };
		1B2DF2BA1BE8B02B00AD5B56 /* ViewController.swift */ = {isa = PBXFileReference; lastKnownFileType = sourcecode.swift; path = ViewController.swift; sourceTree = "<group>"; };
		1B2DF2BD1BE8B02B00AD5B56 /* Base */ = {isa = PBXFileReference; lastKnownFileType = file.storyboard; name = Base; path = Base.lproj/Main.storyboard; sourceTree = "<group>"; };
		1B2DF2BF1BE8B02B00AD5B56 /* Assets.xcassets */ = {isa = PBXFileReference; lastKnownFileType = folder.assetcatalog; path = Assets.xcassets; sourceTree = "<group>"; };
		1B2DF2C21BE8B02B00AD5B56 /* Base */ = {isa = PBXFileReference; lastKnownFileType = file.storyboard; name = Base; path = Base.lproj/LaunchScreen.storyboard; sourceTree = "<group>"; };
		1B2DF2C41BE8B02B00AD5B56 /* Info.plist */ = {isa = PBXFileReference; lastKnownFileType = text.plist.xml; path = Info.plist; sourceTree = "<group>"; };
/* End PBXFileReference section */

/* Begin PBXFrameworksBuildPhase section */
		1B2DF2B21BE8B02B00AD5B56 /* Frameworks */ = {
			isa = PBXFrameworksBuildPhase;
			buildActionMask = 2147483647;
			files = (
			);
			runOnlyForDeploymentPostprocessing = 0;
		};
/* End PBXFrameworksBuildPhase section */

/* Begin PBXGroup section */
		1B2DF2AC1BE8B02B00AD5B56 = {
			isa = PBXGroup;
			children = (
				1B2DF2B71BE8B02B00AD5B56 /* blurr */,
				1B2DF2B61BE8B02B00AD5B56 /* Products */,
			);
			sourceTree = "<group>";
		};
		1B2DF2B61BE8B02B00AD5B56 /* Products */ = {
			isa = PBXGroup;
			children = (
				1B2DF2B51BE8B02B00AD5B56 /* blurr.app */,
			);
			name = Products;
			sourceTree = "<group>";
		};
		1B2DF2B71BE8B02B00AD5B56 /* blurr */ = {
			isa = PBXGroup;
			children = (
				1B2DF2B81BE8B02B00AD5B56 /* AppDelegate.swift */,
				1B2DF2BA1BE8B02B00AD5B56 /* ViewController.swift */,
				1B2DF2BC1BE8B02B00AD5B56 /* Main.storyboard */,
				1B2DF2BF1BE8B02B00AD5B56 /* Assets.xcassets */,
				1B2DF2C11BE8B02B00AD5B56 /* LaunchScreen.storyboard */,
				1B2DF2C41BE8B02B00AD5B56 /* Info.plist */,
			);
			path = blurr;
			sourceTree = "<group>";
		};
/* End PBXGroup section */

/* Begin PBXNativeTarget section */
		1B2DF2B41BE8B02B00AD5B56 /* blurr */ = {
			isa = PBXNativeTarget;
			buildConfigurationList = 1B2DF2C71BE8B02B00AD5B56 /* Build configuration list for PBXNativeTarget "blurr" */;
			buildPhases = (
				1B2DF2B11BE8B02B00AD5B56 /* Sources */,
				1B2DF2B21BE8B02B00AD5B56 /* Frameworks */,
				1B2DF2B31BE8B02B00AD5B56 /* Resources */,
			);
			buildRules = (
			);
			dependencies = (
			);
			name = blurr;
			productName = blurr;
			productReference = 1B2DF2B51BE8B02B00AD5B56 /* blurr.app */;
			productType = "com.apple.product-type.application";
		};
/* End PBXNativeTarget section */

/* Begin PBXProject section */
		1B2DF2AD1BE8B02B00AD5B56 /* Project object */ = {
			isa = PBXProject;
			attributes = {
				LastSwiftUpdateCheck = 0710;
				LastUpgradeCheck = 0710;
				ORGANIZATIONNAME = TCS;
				TargetAttributes = {
					1B2DF2B41BE8B02B00AD5B56 = {
						CreatedOnToolsVersion = 7.1;
						DevelopmentTeam = VQRK55GV54;
					};
				};
			};
			buildConfigurationList = 1B2DF2B01BE8B02B00AD5B56 /* Build configuration list for PBXProject "blurr" */;
			compatibilityVersion = "Xcode 3.2";
			developmentRegion = English;
			hasScannedForEncodings = 0;
			knownRegions = (
				en,
				Base,
			);
			mainGroup = 1B2DF2AC1BE8B02B00AD5B56;
			productRefGroup = 1B2DF2B61BE8B02B00AD5B56 /* Products */;
			projectDirPath = "";
			projectRoot = "";
			targets = (
				1B2DF2B41BE8B02B00AD5B56 /* blurr */,
			);
		};
/* End PBXProject section */

/* Begin PBXResourcesBuildPhase section */
		1B2DF2B31BE8B02B00AD5B56 /* Resources */ = {
			isa = PBXResourcesBuildPhase;
			buildActionMask = 2147483647;
			files = (
				1B2DF2C31BE8B02B00AD5B56 /* LaunchScreen.storyboard in Resources */,
				1B2DF2C01BE8B02B00AD5B56 /* Assets.xcassets in Resources */,
				1B2DF2BE1BE8B02B00AD5B56 /* Main.storyboard in Resources */,
			);
			runOnlyForDeploymentPostprocessing = 0;
		};
/* End PBXResourcesBuildPhase section */

/* Begin PBXSourcesBuildPhase section */
		1B2DF2B11BE8B02B00AD5B56 /* Sources */ = {
			isa = PBXSourcesBuildPhase;
			buildActionMask = 2147483647;
			files = (
				1B2DF2BB1BE8B02B00AD5B56 /* ViewController.swift in Sources */,
				1B2DF2B91BE8B02B00AD5B56 /* AppDelegate.swift in Sources */,
			);
			runOnlyForDeploymentPostprocessing = 0;
		};
/* End PBXSourcesBuildPhase section */

/* Begin PBXVariantGroup section */
		1B2DF2BC1BE8B02B00AD5B56 /* Main.storyboard */ = {
			isa = PBXVariantGroup;
			children = (
				1B2DF2BD1BE8B02B00AD5B56 /* Base */,
			);
			name = Main.storyboard;
			sourceTree = "<group>";
		};
		1B2DF2C11BE8B02B00AD5B56 /* LaunchScreen.storyboard */ = {
			isa = PBXVariantGroup;
			children = (
				1B2DF2C21BE8B02B00AD5B56 /* Base */,
			);
			name = LaunchScreen.storyboard;
			sourceTree = "<group>";
		};
/* End PBXVariantGroup section */

/* Begin XCBuildConfiguration section */
		1B2DF2C51BE8B02B00AD5B56 /* Debug */ = {
			isa = XCBuildConfiguration;
			buildSettings = {
				ALWAYS_SEARCH_USER_PATHS = NO;
				CLANG_CXX_LANGUAGE_STANDARD = "gnu++0x";
				CLANG_CXX_LIBRARY = "libc++";
				CLANG_ENABLE_MODULES = YES;
				CLANG_ENABLE_OBJC_ARC = YES;
				CLANG_WARN_BOOL_CONVERSION = YES;
				CLANG_WARN_CONSTANT_CONVERSION = YES;
				CLANG_WARN_DIRECT_OBJC_ISA_USAGE = YES_ERROR;
				CLANG_WARN_EMPTY_BODY = YES;
				CLANG_WARN_ENUM_CONVERSION = YES;
				CLANG_WARN_INT_CONVERSION = YES;
				CLANG_WARN_OBJC_ROOT_CLASS = YES_ERROR;
				CLANG_WARN_UNREACHABLE_CODE = YES;
				CLANG_WARN__DUPLICATE_METHOD_MATCH = YES;
				"CODE_SIGN_IDENTITY[sdk=iphoneos*]" = "iPhone Developer";
				COPY_PHASE_STRIP = NO;
				DEBUG_INFORMATION_FORMAT = dwarf;
				ENABLE_STRICT_OBJC_MSGSEND = YES;
				ENABLE_TESTABILITY = YES;
				GCC_C_LANGUAGE_STANDARD = gnu99;
				GCC_DYNAMIC_NO_PIC = NO;
				GCC_NO_COMMON_BLOCKS = YES;
				GCC_OPTIMIZATION_LEVEL = 0;
				GCC_PREPROCESSOR_DEFINITIONS = (
					"DEBUG=1",
					"$(inherited)",
				);
				GCC_WARN_64_TO_32_BIT_CONVERSION = YES;
				GCC_WARN_ABOUT_RETURN_TYPE = YES_ERROR;
				GCC_WARN_UNDECLARED_SELECTOR = YES;
				GCC_WARN_UNINITIALIZED_AUTOS = YES_AGGRESSIVE;
				GCC_WARN_UNUSED_FUNCTION = YES;
				GCC_WARN_UNUSED_VARIABLE = YES;
				IPHONEOS_DEPLOYMENT_TARGET = 9.1;
				MTL_ENABLE_DEBUG_INFO = YES;
				ONLY_ACTIVE_ARCH = YES;
				SDKROOT = iphoneos;
				SWIFT_OPTIMIZATION_LEVEL = "-Onone";
			};
			name = Debug;
		};
		1B2DF2C61BE8B02B00AD5B56 /* Release */ = {
			isa = XCBuildConfiguration;
			buildSettings = {
				ALWAYS_SEARCH_USER_PATHS = NO;
				CLANG_CXX_LANGUAGE_STANDARD = "gnu++0x";
				CLANG_CXX_LIBRARY = "libc++";
				CLANG_ENABLE_MODULES = YES;
				CLANG_ENABLE_OBJC_ARC = YES;
				CLANG_WARN_BOOL_CONVERSION = YES;
				CLANG_WARN_CONSTANT_CONVERSION = YES;
				CLANG_WARN_DIRECT_OBJC_ISA_USAGE = YES_ERROR;
				CLANG_WARN_EMPTY_BODY = YES;
				CLANG_WARN_ENUM_CONVERSION = YES;
				CLANG_WARN_INT_CONVERSION = YES;
				CLANG_WARN_OBJC_ROOT_CLASS = YES_ERROR;
				CLANG_WARN_UNREACHABLE_CODE = YES;
				CLANG_WARN__DUPLICATE_METHOD_MATCH = YES;
				"CODE_SIGN_IDENTITY[sdk=iphoneos*]" = "iPhone Developer";
				COPY_PHASE_STRIP = NO;
				DEBUG_INFORMATION_FORMAT = "dwarf-with-dsym";
				ENABLE_NS_ASSERTIONS = NO;
				ENABLE_STRICT_OBJC_MSGSEND = YES;
				GCC_C_LANGUAGE_STANDARD = gnu99;
				GCC_NO_COMMON_BLOCKS = YES;
				GCC_WARN_64_TO_32_BIT_CONVERSION = YES;
				GCC_WARN_ABOUT_RETURN_TYPE = YES_ERROR;
				GCC_WARN_UNDECLARED_SELECTOR = YES;
				GCC_WARN_UNINITIALIZED_AUTOS = YES_AGGRESSIVE;
				GCC_WARN_UNUSED_FUNCTION = YES;
				GCC_WARN_UNUSED_VARIABLE = YES;
				IPHONEOS_DEPLOYMENT_TARGET = 9.1;
				MTL_ENABLE_DEBUG_INFO = NO;
				SDKROOT = iphoneos;
				VALIDATE_PRODUCT = YES;
			};
			name = Release;
		};
		1B2DF2C81BE8B02B00AD5B56 /* Debug */ = {
			isa = XCBuildConfiguration;
			buildSettings = {
				ASSETCATALOG_COMPILER_APPICON_NAME = AppIcon;
				INFOPLIST_FILE = blurr/Info.plist;
				LD_RUNPATH_SEARCH_PATHS = "$(inherited) @executable_path/Frameworks";
				PRODUCT_BUNDLE_IDENTIFIER = com.TCS.blurr;
				PRODUCT_NAME = "$(TARGET_NAME)";
			};
			name = Debug;
		};
		1B2DF2C91BE8B02B00AD5B56 /* Release */ = {
			isa = XCBuildConfiguration;
			buildSettings = {
				ASSETCATALOG_COMPILER_APPICON_NAME = AppIcon;
				INFOPLIST_FILE = blurr/Info.plist;
				LD_RUNPATH_SEARCH_PATHS = "$(inherited) @executable_path/Frameworks";
				PRODUCT_BUNDLE_IDENTIFIER = com.TCS.blurr;
				PRODUCT_NAME = "$(TARGET_NAME)";
			};
			name = Release;
		};
/* End XCBuildConfiguration section */

/* Begin XCConfigurationList section */
		1B2DF2B01BE8B02B00AD5B56 /* Build configuration list for PBXProject "blurr" */ = {
			isa = XCConfigurationList;
			buildConfigurations = (
				1B2DF2C51BE8B02B00AD5B56 /* Debug */,
				1B2DF2C61BE8B02B00AD5B56 /* Release */,
			);
			defaultConfigurationIsVisible = 0;
			defaultConfigurationName = Release;
		};
		1B2DF2C71BE8B02B00AD5B56 /* Build configuration list for PBXNativeTarget "blurr" */ = {
			isa = XCConfigurationList;
			buildConfigurations = (
				1B2DF2C81BE8B02B00AD5B56 /* Debug */,
				1B2DF2C91BE8B02B00AD5B56 /* Release */,
			);
			defaultConfigurationIsVisible = 0;
		};
/* End XCConfigurationList section */
	};
	rootObject = 1B2DF2AD1BE8B02B00AD5B56 /* Project object */;
}
